// !$*UTF8*$!
{
	archiveVersion = 1;
	classes = {
	};
	objectVersion = 51;
	objects = {

/* Begin PBXBuildFile section */
		D7B6CEFE019F622675ABA218 /* Pods_movieApp.framework in Frameworks */ = {isa = PBXBuildFile; fileRef = 51FF39594CB69DF9719DADC4 /* Pods_movieApp.framework */; };
		FE01DB2A25B497E90015BA46 /* CGFloat+Constans.swift in Sources */ = {isa = PBXBuildFile; fileRef = FE01DB2925B497E90015BA46 /* CGFloat+Constans.swift */; };
		FE01DB2D25B498560015BA46 /* UIView+IBInspectableProperties.swift in Sources */ = {isa = PBXBuildFile; fileRef = FE01DB2C25B498560015BA46 /* UIView+IBInspectableProperties.swift */; };
		FE01DB3025B4987E0015BA46 /* UIColor+Colors.swift in Sources */ = {isa = PBXBuildFile; fileRef = FE01DB2F25B4987E0015BA46 /* UIColor+Colors.swift */; };
		FE01DB3425B4DB400015BA46 /* BaseModuleDelegate.swift in Sources */ = {isa = PBXBuildFile; fileRef = FE01DB3325B4DB400015BA46 /* BaseModuleDelegate.swift */; };
		FE01DB3D25B4DBCD0015BA46 /* MovieDetail.storyboard in Resources */ = {isa = PBXBuildFile; fileRef = FE01DB3725B4DBCD0015BA46 /* MovieDetail.storyboard */; };
		FE01DB3E25B4DBCD0015BA46 /* MovieDetailPresenter.swift in Sources */ = {isa = PBXBuildFile; fileRef = FE01DB3825B4DBCD0015BA46 /* MovieDetailPresenter.swift */; };
		FE01DB3F25B4DBCD0015BA46 /* MovieDetailViewController.swift in Sources */ = {isa = PBXBuildFile; fileRef = FE01DB3925B4DBCD0015BA46 /* MovieDetailViewController.swift */; };
		FE01DB4025B4DBCD0015BA46 /* MovieDetailProtocols.swift in Sources */ = {isa = PBXBuildFile; fileRef = FE01DB3A25B4DBCD0015BA46 /* MovieDetailProtocols.swift */; };
		FE01DB4125B4DBCD0015BA46 /* MovieDetailInteractor.swift in Sources */ = {isa = PBXBuildFile; fileRef = FE01DB3B25B4DBCD0015BA46 /* MovieDetailInteractor.swift */; };
		FE01DB4225B4DBCD0015BA46 /* MovieDetailWireframe.swift in Sources */ = {isa = PBXBuildFile; fileRef = FE01DB3C25B4DBCD0015BA46 /* MovieDetailWireframe.swift */; };
		FE21827525B2442C00579223 /* AppDelegate.swift in Sources */ = {isa = PBXBuildFile; fileRef = FE21827425B2442C00579223 /* AppDelegate.swift */; };
		FE21827E25B2442D00579223 /* Assets.xcassets in Resources */ = {isa = PBXBuildFile; fileRef = FE21827D25B2442D00579223 /* Assets.xcassets */; };
		FE21828125B2442D00579223 /* LaunchScreen.storyboard in Resources */ = {isa = PBXBuildFile; fileRef = FE21827F25B2442D00579223 /* LaunchScreen.storyboard */; };
		FE21829625B247FF00579223 /* AppCoordinator.swift in Sources */ = {isa = PBXBuildFile; fileRef = FE21829525B247FF00579223 /* AppCoordinator.swift */; };
		FE21829E25B2483400579223 /* Splash.storyboard in Resources */ = {isa = PBXBuildFile; fileRef = FE21829825B2483400579223 /* Splash.storyboard */; };
		FE21829F25B2483400579223 /* SplashPresenter.swift in Sources */ = {isa = PBXBuildFile; fileRef = FE21829925B2483400579223 /* SplashPresenter.swift */; };
		FE2182A025B2483400579223 /* SplashViewController.swift in Sources */ = {isa = PBXBuildFile; fileRef = FE21829A25B2483400579223 /* SplashViewController.swift */; };
		FE2182A125B2483400579223 /* SplashProtocols.swift in Sources */ = {isa = PBXBuildFile; fileRef = FE21829B25B2483400579223 /* SplashProtocols.swift */; };
		FE2182A225B2483400579223 /* SplashInteractor.swift in Sources */ = {isa = PBXBuildFile; fileRef = FE21829C25B2483400579223 /* SplashInteractor.swift */; };
		FE2182A325B2483400579223 /* SplashWireframe.swift in Sources */ = {isa = PBXBuildFile; fileRef = FE21829D25B2483400579223 /* SplashWireframe.swift */; };
		FE2182A725B2487E00579223 /* UIViewController+Storyboardable.swift in Sources */ = {isa = PBXBuildFile; fileRef = FE2182A625B2487E00579223 /* UIViewController+Storyboardable.swift */; };
		FE2182AB25B248BE00579223 /* Coordinator.swift in Sources */ = {isa = PBXBuildFile; fileRef = FE2182AA25B248BE00579223 /* Coordinator.swift */; };
		FE2182B125B2651000579223 /* ViewLifecycable.swift in Sources */ = {isa = PBXBuildFile; fileRef = FE2182B025B2651000579223 /* ViewLifecycable.swift */; };
		FE2182B425B265C100579223 /* LightContentNavigationController.swift in Sources */ = {isa = PBXBuildFile; fileRef = FE2182B325B265C100579223 /* LightContentNavigationController.swift */; };
		FE2182BD25B268B300579223 /* MovieFeed.storyboard in Resources */ = {isa = PBXBuildFile; fileRef = FE2182B725B268B300579223 /* MovieFeed.storyboard */; };
		FE2182BE25B268B300579223 /* MovieFeedPresenter.swift in Sources */ = {isa = PBXBuildFile; fileRef = FE2182B825B268B300579223 /* MovieFeedPresenter.swift */; };
		FE2182BF25B268B300579223 /* MovieFeedViewController.swift in Sources */ = {isa = PBXBuildFile; fileRef = FE2182B925B268B300579223 /* MovieFeedViewController.swift */; };
		FE2182C025B268B300579223 /* MovieFeedProtocols.swift in Sources */ = {isa = PBXBuildFile; fileRef = FE2182BA25B268B300579223 /* MovieFeedProtocols.swift */; };
		FE2182C125B268B300579223 /* MovieFeedInteractor.swift in Sources */ = {isa = PBXBuildFile; fileRef = FE2182BB25B268B300579223 /* MovieFeedInteractor.swift */; };
		FE2182C225B268B300579223 /* MovieFeedWireframe.swift in Sources */ = {isa = PBXBuildFile; fileRef = FE2182BC25B268B300579223 /* MovieFeedWireframe.swift */; };
		FE2182C725B2691900579223 /* API.swift in Sources */ = {isa = PBXBuildFile; fileRef = FE2182C625B2691900579223 /* API.swift */; };
		FE2182CB25B2693400579223 /* AppRouter.swift in Sources */ = {isa = PBXBuildFile; fileRef = FE2182CA25B2693400579223 /* AppRouter.swift */; };
		FE2182CE25B33CB200579223 /* Parameterizable.swift in Sources */ = {isa = PBXBuildFile; fileRef = FE2182CD25B33CB200579223 /* Parameterizable.swift */; };
		FE2182D125B33D7300579223 /* APIEnvironment.swift in Sources */ = {isa = PBXBuildFile; fileRef = FE2182D025B33D7300579223 /* APIEnvironment.swift */; };
		FE2182D425B342F600579223 /* String+Constants.swift in Sources */ = {isa = PBXBuildFile; fileRef = FE2182D325B342F600579223 /* String+Constants.swift */; };
		FE2182D725B3435200579223 /* TypeAliases.swift in Sources */ = {isa = PBXBuildFile; fileRef = FE2182D625B3435200579223 /* TypeAliases.swift */; };
		FE2182DB25B345CB00579223 /* NavigationBarVisibilityTogglable.swift in Sources */ = {isa = PBXBuildFile; fileRef = FE2182DA25B345CB00579223 /* NavigationBarVisibilityTogglable.swift */; };
		FE2182DE25B3467D00579223 /* HomeCoordinator.swift in Sources */ = {isa = PBXBuildFile; fileRef = FE2182DD25B3467D00579223 /* HomeCoordinator.swift */; };
		FE2182E325B354B100579223 /* BaseViewController.swift in Sources */ = {isa = PBXBuildFile; fileRef = FE2182E225B354B100579223 /* BaseViewController.swift */; };
		FE2182EC25B3788C00579223 /* MediaRemoteManager.swift in Sources */ = {isa = PBXBuildFile; fileRef = FE2182EB25B3788C00579223 /* MediaRemoteManager.swift */; };
		FE21830D25B3C3CD00579223 /* DataSourceable.swift in Sources */ = {isa = PBXBuildFile; fileRef = FE21830C25B3C3CD00579223 /* DataSourceable.swift */; };
		FE21831025B3C51500579223 /* MediaItemCell.swift in Sources */ = {isa = PBXBuildFile; fileRef = FE21830F25B3C51500579223 /* MediaItemCell.swift */; };
		FE21831325B3C5EC00579223 /* UICollectionViewCell+ReuseIdentifier.swift in Sources */ = {isa = PBXBuildFile; fileRef = FE21831225B3C5EC00579223 /* UICollectionViewCell+ReuseIdentifier.swift */; };
		FEA7227725B610E60063A706 /* Extensions.swift in Sources */ = {isa = PBXBuildFile; fileRef = FEA7227625B610E60063A706 /* Extensions.swift */; };
		FEA7228025B63C960063A706 /* MovieFeedViewControllerTests.swift in Sources */ = {isa = PBXBuildFile; fileRef = FEA7227F25B63C960063A706 /* MovieFeedViewControllerTests.swift */; };
		FEBCF75225B6673000BFE2E4 /* MovieFeedPresenterProtocolSpy.swift in Sources */ = {isa = PBXBuildFile; fileRef = FEBCF75125B6673000BFE2E4 /* MovieFeedPresenterProtocolSpy.swift */; };
		FEBCF75B25B71F0B00BFE2E4 /* SplashViewControllerTests.swift in Sources */ = {isa = PBXBuildFile; fileRef = FEBCF75A25B71F0B00BFE2E4 /* SplashViewControllerTests.swift */; };
		FEBCF76225B71F6600BFE2E4 /* SplashPresenterProtocolSpy.swift in Sources */ = {isa = PBXBuildFile; fileRef = FEBCF76125B71F6600BFE2E4 /* SplashPresenterProtocolSpy.swift */; };
		FEBCF76825B721A200BFE2E4 /* SplashInteractorProtocolSpy.swift in Sources */ = {isa = PBXBuildFile; fileRef = FEBCF76725B721A200BFE2E4 /* SplashInteractorProtocolSpy.swift */; };
		FEBCF76C25B721C400BFE2E4 /* SplashInteractorOutputSpy.swift in Sources */ = {isa = PBXBuildFile; fileRef = FEBCF76B25B721C400BFE2E4 /* SplashInteractorOutputSpy.swift */; };
		FEBCF77E25B7225100BFE2E4 /* SplashPresenterTests.swift in Sources */ = {isa = PBXBuildFile; fileRef = FEBCF77D25B7225100BFE2E4 /* SplashPresenterTests.swift */; };
		FEBCF78225B722BB00BFE2E4 /* SplashViewProtocolSpy.swift in Sources */ = {isa = PBXBuildFile; fileRef = FEBCF78125B722BB00BFE2E4 /* SplashViewProtocolSpy.swift */; };
		FEBCF78625B7231100BFE2E4 /* SplashDelegateSpy.swift in Sources */ = {isa = PBXBuildFile; fileRef = FEBCF78525B7231100BFE2E4 /* SplashDelegateSpy.swift */; };
		FEBCF78C25B727BE00BFE2E4 /* SplashInteractorTests.swift in Sources */ = {isa = PBXBuildFile; fileRef = FEBCF78B25B727BE00BFE2E4 /* SplashInteractorTests.swift */; };
/* End PBXBuildFile section */

/* Begin PBXContainerItemProxy section */
		FEA7228225B63C960063A706 /* PBXContainerItemProxy */ = {
			isa = PBXContainerItemProxy;
			containerPortal = FE21826925B2442C00579223 /* Project object */;
			proxyType = 1;
			remoteGlobalIDString = FE21827025B2442C00579223;
			remoteInfo = movieApp;
		};
/* End PBXContainerItemProxy section */

/* Begin PBXFileReference section */
		2E27C5663C8F082B37959A1C /* Pods-movieApp.debug.xcconfig */ = {isa = PBXFileReference; includeInIndex = 1; lastKnownFileType = text.xcconfig; name = "Pods-movieApp.debug.xcconfig"; path = "Target Support Files/Pods-movieApp/Pods-movieApp.debug.xcconfig"; sourceTree = "<group>"; };
		51FF39594CB69DF9719DADC4 /* Pods_movieApp.framework */ = {isa = PBXFileReference; explicitFileType = wrapper.framework; includeInIndex = 0; path = Pods_movieApp.framework; sourceTree = BUILT_PRODUCTS_DIR; };
		AD014724981F722EB278D5FF /* Pods-movieApp.release.xcconfig */ = {isa = PBXFileReference; includeInIndex = 1; lastKnownFileType = text.xcconfig; name = "Pods-movieApp.release.xcconfig"; path = "Target Support Files/Pods-movieApp/Pods-movieApp.release.xcconfig"; sourceTree = "<group>"; };
		FE01DB2925B497E90015BA46 /* CGFloat+Constans.swift */ = {isa = PBXFileReference; lastKnownFileType = sourcecode.swift; path = "CGFloat+Constans.swift"; sourceTree = "<group>"; };
		FE01DB2C25B498560015BA46 /* UIView+IBInspectableProperties.swift */ = {isa = PBXFileReference; lastKnownFileType = sourcecode.swift; path = "UIView+IBInspectableProperties.swift"; sourceTree = "<group>"; };
		FE01DB2F25B4987E0015BA46 /* UIColor+Colors.swift */ = {isa = PBXFileReference; lastKnownFileType = sourcecode.swift; path = "UIColor+Colors.swift"; sourceTree = "<group>"; };
		FE01DB3325B4DB400015BA46 /* BaseModuleDelegate.swift */ = {isa = PBXFileReference; lastKnownFileType = sourcecode.swift; path = BaseModuleDelegate.swift; sourceTree = "<group>"; };
		FE01DB3725B4DBCD0015BA46 /* MovieDetail.storyboard */ = {isa = PBXFileReference; lastKnownFileType = file.storyboard; path = MovieDetail.storyboard; sourceTree = "<group>"; };
		FE01DB3825B4DBCD0015BA46 /* MovieDetailPresenter.swift */ = {isa = PBXFileReference; lastKnownFileType = sourcecode.swift; path = MovieDetailPresenter.swift; sourceTree = "<group>"; };
		FE01DB3925B4DBCD0015BA46 /* MovieDetailViewController.swift */ = {isa = PBXFileReference; lastKnownFileType = sourcecode.swift; path = MovieDetailViewController.swift; sourceTree = "<group>"; };
		FE01DB3A25B4DBCD0015BA46 /* MovieDetailProtocols.swift */ = {isa = PBXFileReference; lastKnownFileType = sourcecode.swift; path = MovieDetailProtocols.swift; sourceTree = "<group>"; };
		FE01DB3B25B4DBCD0015BA46 /* MovieDetailInteractor.swift */ = {isa = PBXFileReference; lastKnownFileType = sourcecode.swift; path = MovieDetailInteractor.swift; sourceTree = "<group>"; };
		FE01DB3C25B4DBCD0015BA46 /* MovieDetailWireframe.swift */ = {isa = PBXFileReference; lastKnownFileType = sourcecode.swift; path = MovieDetailWireframe.swift; sourceTree = "<group>"; };
		FE21827125B2442C00579223 /* movieApp.app */ = {isa = PBXFileReference; explicitFileType = wrapper.application; includeInIndex = 0; path = movieApp.app; sourceTree = BUILT_PRODUCTS_DIR; };
		FE21827425B2442C00579223 /* AppDelegate.swift */ = {isa = PBXFileReference; lastKnownFileType = sourcecode.swift; path = AppDelegate.swift; sourceTree = "<group>"; };
		FE21827D25B2442D00579223 /* Assets.xcassets */ = {isa = PBXFileReference; lastKnownFileType = folder.assetcatalog; path = Assets.xcassets; sourceTree = "<group>"; };
		FE21828025B2442D00579223 /* Base */ = {isa = PBXFileReference; lastKnownFileType = file.storyboard; name = Base; path = Base.lproj/LaunchScreen.storyboard; sourceTree = "<group>"; };
		FE21828225B2442D00579223 /* Info.plist */ = {isa = PBXFileReference; lastKnownFileType = text.plist.xml; path = Info.plist; sourceTree = "<group>"; };
		FE21829525B247FF00579223 /* AppCoordinator.swift */ = {isa = PBXFileReference; lastKnownFileType = sourcecode.swift; path = AppCoordinator.swift; sourceTree = "<group>"; };
		FE21829825B2483400579223 /* Splash.storyboard */ = {isa = PBXFileReference; lastKnownFileType = file.storyboard; path = Splash.storyboard; sourceTree = "<group>"; };
		FE21829925B2483400579223 /* SplashPresenter.swift */ = {isa = PBXFileReference; lastKnownFileType = sourcecode.swift; path = SplashPresenter.swift; sourceTree = "<group>"; };
		FE21829A25B2483400579223 /* SplashViewController.swift */ = {isa = PBXFileReference; lastKnownFileType = sourcecode.swift; path = SplashViewController.swift; sourceTree = "<group>"; };
		FE21829B25B2483400579223 /* SplashProtocols.swift */ = {isa = PBXFileReference; lastKnownFileType = sourcecode.swift; path = SplashProtocols.swift; sourceTree = "<group>"; };
		FE21829C25B2483400579223 /* SplashInteractor.swift */ = {isa = PBXFileReference; lastKnownFileType = sourcecode.swift; path = SplashInteractor.swift; sourceTree = "<group>"; };
		FE21829D25B2483400579223 /* SplashWireframe.swift */ = {isa = PBXFileReference; lastKnownFileType = sourcecode.swift; path = SplashWireframe.swift; sourceTree = "<group>"; };
		FE2182A625B2487E00579223 /* UIViewController+Storyboardable.swift */ = {isa = PBXFileReference; lastKnownFileType = sourcecode.swift; path = "UIViewController+Storyboardable.swift"; sourceTree = "<group>"; };
		FE2182AA25B248BE00579223 /* Coordinator.swift */ = {isa = PBXFileReference; lastKnownFileType = sourcecode.swift; path = Coordinator.swift; sourceTree = "<group>"; };
		FE2182B025B2651000579223 /* ViewLifecycable.swift */ = {isa = PBXFileReference; lastKnownFileType = sourcecode.swift; path = ViewLifecycable.swift; sourceTree = "<group>"; };
		FE2182B325B265C100579223 /* LightContentNavigationController.swift */ = {isa = PBXFileReference; lastKnownFileType = sourcecode.swift; path = LightContentNavigationController.swift; sourceTree = "<group>"; };
		FE2182B725B268B300579223 /* MovieFeed.storyboard */ = {isa = PBXFileReference; lastKnownFileType = file.storyboard; path = MovieFeed.storyboard; sourceTree = "<group>"; };
		FE2182B825B268B300579223 /* MovieFeedPresenter.swift */ = {isa = PBXFileReference; lastKnownFileType = sourcecode.swift; path = MovieFeedPresenter.swift; sourceTree = "<group>"; };
		FE2182B925B268B300579223 /* MovieFeedViewController.swift */ = {isa = PBXFileReference; lastKnownFileType = sourcecode.swift; path = MovieFeedViewController.swift; sourceTree = "<group>"; };
		FE2182BA25B268B300579223 /* MovieFeedProtocols.swift */ = {isa = PBXFileReference; lastKnownFileType = sourcecode.swift; path = MovieFeedProtocols.swift; sourceTree = "<group>"; };
		FE2182BB25B268B300579223 /* MovieFeedInteractor.swift */ = {isa = PBXFileReference; lastKnownFileType = sourcecode.swift; path = MovieFeedInteractor.swift; sourceTree = "<group>"; };
		FE2182BC25B268B300579223 /* MovieFeedWireframe.swift */ = {isa = PBXFileReference; lastKnownFileType = sourcecode.swift; path = MovieFeedWireframe.swift; sourceTree = "<group>"; };
		FE2182C625B2691900579223 /* API.swift */ = {isa = PBXFileReference; lastKnownFileType = sourcecode.swift; path = API.swift; sourceTree = "<group>"; };
		FE2182CA25B2693400579223 /* AppRouter.swift */ = {isa = PBXFileReference; lastKnownFileType = sourcecode.swift; path = AppRouter.swift; sourceTree = "<group>"; };
		FE2182CD25B33CB200579223 /* Parameterizable.swift */ = {isa = PBXFileReference; lastKnownFileType = sourcecode.swift; path = Parameterizable.swift; sourceTree = "<group>"; };
		FE2182D025B33D7300579223 /* APIEnvironment.swift */ = {isa = PBXFileReference; lastKnownFileType = sourcecode.swift; path = APIEnvironment.swift; sourceTree = "<group>"; };
		FE2182D325B342F600579223 /* String+Constants.swift */ = {isa = PBXFileReference; lastKnownFileType = sourcecode.swift; path = "String+Constants.swift"; sourceTree = "<group>"; };
		FE2182D625B3435200579223 /* TypeAliases.swift */ = {isa = PBXFileReference; lastKnownFileType = sourcecode.swift; path = TypeAliases.swift; sourceTree = "<group>"; };
		FE2182DA25B345CB00579223 /* NavigationBarVisibilityTogglable.swift */ = {isa = PBXFileReference; lastKnownFileType = sourcecode.swift; path = NavigationBarVisibilityTogglable.swift; sourceTree = "<group>"; };
		FE2182DD25B3467D00579223 /* HomeCoordinator.swift */ = {isa = PBXFileReference; lastKnownFileType = sourcecode.swift; path = HomeCoordinator.swift; sourceTree = "<group>"; };
		FE2182E225B354B100579223 /* BaseViewController.swift */ = {isa = PBXFileReference; lastKnownFileType = sourcecode.swift; path = BaseViewController.swift; sourceTree = "<group>"; };
		FE2182EB25B3788C00579223 /* MediaRemoteManager.swift */ = {isa = PBXFileReference; lastKnownFileType = sourcecode.swift; path = MediaRemoteManager.swift; sourceTree = "<group>"; };
		FE21830C25B3C3CD00579223 /* DataSourceable.swift */ = {isa = PBXFileReference; lastKnownFileType = sourcecode.swift; path = DataSourceable.swift; sourceTree = "<group>"; };
		FE21830F25B3C51500579223 /* MediaItemCell.swift */ = {isa = PBXFileReference; lastKnownFileType = sourcecode.swift; path = MediaItemCell.swift; sourceTree = "<group>"; };
		FE21831225B3C5EC00579223 /* UICollectionViewCell+ReuseIdentifier.swift */ = {isa = PBXFileReference; lastKnownFileType = sourcecode.swift; path = "UICollectionViewCell+ReuseIdentifier.swift"; sourceTree = "<group>"; };
		FEA7227625B610E60063A706 /* Extensions.swift */ = {isa = PBXFileReference; lastKnownFileType = sourcecode.swift; path = Extensions.swift; sourceTree = "<group>"; };
		FEA7227D25B63C960063A706 /* MovieApp_Tests.xctest */ = {isa = PBXFileReference; explicitFileType = wrapper.cfbundle; includeInIndex = 0; path = MovieApp_Tests.xctest; sourceTree = BUILT_PRODUCTS_DIR; };
		FEA7227F25B63C960063A706 /* MovieFeedViewControllerTests.swift */ = {isa = PBXFileReference; lastKnownFileType = sourcecode.swift; path = MovieFeedViewControllerTests.swift; sourceTree = "<group>"; };
		FEA7228125B63C960063A706 /* Info.plist */ = {isa = PBXFileReference; lastKnownFileType = text.plist.xml; path = Info.plist; sourceTree = "<group>"; };
		FEBCF75125B6673000BFE2E4 /* MovieFeedPresenterProtocolSpy.swift */ = {isa = PBXFileReference; lastKnownFileType = sourcecode.swift; path = MovieFeedPresenterProtocolSpy.swift; sourceTree = "<group>"; };
		FEBCF75A25B71F0B00BFE2E4 /* SplashViewControllerTests.swift */ = {isa = PBXFileReference; lastKnownFileType = sourcecode.swift; path = SplashViewControllerTests.swift; sourceTree = "<group>"; };
		FEBCF76125B71F6600BFE2E4 /* SplashPresenterProtocolSpy.swift */ = {isa = PBXFileReference; lastKnownFileType = sourcecode.swift; path = SplashPresenterProtocolSpy.swift; sourceTree = "<group>"; };
		FEBCF76725B721A200BFE2E4 /* SplashInteractorProtocolSpy.swift */ = {isa = PBXFileReference; lastKnownFileType = sourcecode.swift; path = SplashInteractorProtocolSpy.swift; sourceTree = "<group>"; };
		FEBCF76B25B721C400BFE2E4 /* SplashInteractorOutputSpy.swift */ = {isa = PBXFileReference; lastKnownFileType = sourcecode.swift; path = SplashInteractorOutputSpy.swift; sourceTree = "<group>"; };
		FEBCF77D25B7225100BFE2E4 /* SplashPresenterTests.swift */ = {isa = PBXFileReference; lastKnownFileType = sourcecode.swift; path = SplashPresenterTests.swift; sourceTree = "<group>"; };
		FEBCF78125B722BB00BFE2E4 /* SplashViewProtocolSpy.swift */ = {isa = PBXFileReference; lastKnownFileType = sourcecode.swift; path = SplashViewProtocolSpy.swift; sourceTree = "<group>"; };
		FEBCF78525B7231100BFE2E4 /* SplashDelegateSpy.swift */ = {isa = PBXFileReference; lastKnownFileType = sourcecode.swift; path = SplashDelegateSpy.swift; sourceTree = "<group>"; };
		FEBCF78B25B727BE00BFE2E4 /* SplashInteractorTests.swift */ = {isa = PBXFileReference; lastKnownFileType = sourcecode.swift; path = SplashInteractorTests.swift; sourceTree = "<group>"; };
/* End PBXFileReference section */

/* Begin PBXFrameworksBuildPhase section */
		FE21826E25B2442C00579223 /* Frameworks */ = {
			isa = PBXFrameworksBuildPhase;
			buildActionMask = 2147483647;
			files = (
				D7B6CEFE019F622675ABA218 /* Pods_movieApp.framework in Frameworks */,
			);
			runOnlyForDeploymentPostprocessing = 0;
		};
		FEA7227A25B63C960063A706 /* Frameworks */ = {
			isa = PBXFrameworksBuildPhase;
			buildActionMask = 2147483647;
			files = (
			);
			runOnlyForDeploymentPostprocessing = 0;
		};
/* End PBXFrameworksBuildPhase section */

/* Begin PBXGroup section */
		310BD266B2D9242A395FFE28 /* Frameworks */ = {
			isa = PBXGroup;
			children = (
				51FF39594CB69DF9719DADC4 /* Pods_movieApp.framework */,
			);
			name = Frameworks;
			sourceTree = "<group>";
		};
		6F77ECCBF85D5614ACF02DB2 /* Pods */ = {
			isa = PBXGroup;
			children = (
				2E27C5663C8F082B37959A1C /* Pods-movieApp.debug.xcconfig */,
				AD014724981F722EB278D5FF /* Pods-movieApp.release.xcconfig */,
			);
			path = Pods;
			sourceTree = "<group>";
		};
		FE01DB3625B4DBBB0015BA46 /* MovieDetail */ = {
			isa = PBXGroup;
			children = (
				FE01DB3725B4DBCD0015BA46 /* MovieDetail.storyboard */,
				FE01DB3B25B4DBCD0015BA46 /* MovieDetailInteractor.swift */,
				FE01DB3825B4DBCD0015BA46 /* MovieDetailPresenter.swift */,
				FE01DB3A25B4DBCD0015BA46 /* MovieDetailProtocols.swift */,
				FE01DB3925B4DBCD0015BA46 /* MovieDetailViewController.swift */,
				FE01DB3C25B4DBCD0015BA46 /* MovieDetailWireframe.swift */,
			);
			path = MovieDetail;
			sourceTree = "<group>";
		};
		FE21826825B2442C00579223 = {
			isa = PBXGroup;
			children = (
				FE21827325B2442C00579223 /* movieApp */,
				FEA7227E25B63C960063A706 /* MovieApp_Tests */,
				FE21827225B2442C00579223 /* Products */,
				6F77ECCBF85D5614ACF02DB2 /* Pods */,
				310BD266B2D9242A395FFE28 /* Frameworks */,
			);
			sourceTree = "<group>";
		};
		FE21827225B2442C00579223 /* Products */ = {
			isa = PBXGroup;
			children = (
				FE21827125B2442C00579223 /* movieApp.app */,
				FEA7227D25B63C960063A706 /* MovieApp_Tests.xctest */,
			);
			name = Products;
			sourceTree = "<group>";
		};
		FE21827325B2442C00579223 /* movieApp */ = {
			isa = PBXGroup;
			children = (
				FE21827425B2442C00579223 /* AppDelegate.swift */,
				FE21827D25B2442D00579223 /* Assets.xcassets */,
				FE21828225B2442D00579223 /* Info.plist */,
				FE21828C25B2470400579223 /* Coordinator */,
				FE21828D25B2470B00579223 /* Managers */,
				FE21828F25B2471E00579223 /* Modules */,
				FE21829025B2472B00579223 /* Network */,
				FE21829125B2473000579223 /* Utils */,
			);
			path = movieApp;
			sourceTree = "<group>";
		};
		FE21828C25B2470400579223 /* Coordinator */ = {
			isa = PBXGroup;
			children = (
				FE21829525B247FF00579223 /* AppCoordinator.swift */,
				FE2182DD25B3467D00579223 /* HomeCoordinator.swift */,
			);
			path = Coordinator;
			sourceTree = "<group>";
		};
		FE21828D25B2470B00579223 /* Managers */ = {
			isa = PBXGroup;
			children = (
				FE2182EA25B3787300579223 /* Media */,
			);
			path = Managers;
			sourceTree = "<group>";
		};
		FE21828F25B2471E00579223 /* Modules */ = {
			isa = PBXGroup;
			children = (
				FE2182E025B34C1B00579223 /* LaunchScreen */,
				FE01DB3625B4DBBB0015BA46 /* MovieDetail */,
				FE2182B625B2685F00579223 /* MovieFeed */,
				FE21829325B247AE00579223 /* Splash */,
			);
			path = Modules;
			sourceTree = "<group>";
		};
		FE21829025B2472B00579223 /* Network */ = {
			isa = PBXGroup;
			children = (
				FE2182C625B2691900579223 /* API.swift */,
				FE2182D025B33D7300579223 /* APIEnvironment.swift */,
				FE2182CA25B2693400579223 /* AppRouter.swift */,
			);
			path = Network;
			sourceTree = "<group>";
		};
		FE21829125B2473000579223 /* Utils */ = {
			isa = PBXGroup;
			children = (
				FE2182A525B2485500579223 /* Extensions */,
				FE01DB3325B4DB400015BA46 /* BaseModuleDelegate.swift */,
				FE2182E225B354B100579223 /* BaseViewController.swift */,
				FE2182AA25B248BE00579223 /* Coordinator.swift */,
				FE21830C25B3C3CD00579223 /* DataSourceable.swift */,
				FEA7227625B610E60063A706 /* Extensions.swift */,
				FE2182B325B265C100579223 /* LightContentNavigationController.swift */,
				FE2182DA25B345CB00579223 /* NavigationBarVisibilityTogglable.swift */,
				FE2182CD25B33CB200579223 /* Parameterizable.swift */,
				FE2182D625B3435200579223 /* TypeAliases.swift */,
				FE2182B025B2651000579223 /* ViewLifecycable.swift */,
			);
			path = Utils;
			sourceTree = "<group>";
		};
		FE21829325B247AE00579223 /* Splash */ = {
			isa = PBXGroup;
			children = (
				FE21829825B2483400579223 /* Splash.storyboard */,
				FE21829C25B2483400579223 /* SplashInteractor.swift */,
				FE21829925B2483400579223 /* SplashPresenter.swift */,
				FE21829B25B2483400579223 /* SplashProtocols.swift */,
				FE21829A25B2483400579223 /* SplashViewController.swift */,
				FE21829D25B2483400579223 /* SplashWireframe.swift */,
			);
			path = Splash;
			sourceTree = "<group>";
		};
		FE2182A525B2485500579223 /* Extensions */ = {
			isa = PBXGroup;
			children = (
				FE01DB2925B497E90015BA46 /* CGFloat+Constans.swift */,
				FE2182D325B342F600579223 /* String+Constants.swift */,
				FE21831225B3C5EC00579223 /* UICollectionViewCell+ReuseIdentifier.swift */,
				FE01DB2F25B4987E0015BA46 /* UIColor+Colors.swift */,
				FE01DB2C25B498560015BA46 /* UIView+IBInspectableProperties.swift */,
				FE2182A625B2487E00579223 /* UIViewController+Storyboardable.swift */,
			);
			path = Extensions;
			sourceTree = "<group>";
		};
		FE2182B625B2685F00579223 /* MovieFeed */ = {
			isa = PBXGroup;
			children = (
				FE21830725B3C37F00579223 /* Cell */,
				FE2182B725B268B300579223 /* MovieFeed.storyboard */,
				FE2182BB25B268B300579223 /* MovieFeedInteractor.swift */,
				FE2182B825B268B300579223 /* MovieFeedPresenter.swift */,
				FE2182BA25B268B300579223 /* MovieFeedProtocols.swift */,
				FE2182B925B268B300579223 /* MovieFeedViewController.swift */,
				FE2182BC25B268B300579223 /* MovieFeedWireframe.swift */,
			);
			path = MovieFeed;
			sourceTree = "<group>";
		};
		FE2182E025B34C1B00579223 /* LaunchScreen */ = {
			isa = PBXGroup;
			children = (
				FE21827F25B2442D00579223 /* LaunchScreen.storyboard */,
			);
			path = LaunchScreen;
			sourceTree = "<group>";
		};
		FE2182EA25B3787300579223 /* Media */ = {
			isa = PBXGroup;
			children = (
				FE2182EB25B3788C00579223 /* MediaRemoteManager.swift */,
			);
			path = Media;
			sourceTree = "<group>";
		};
		FE21830725B3C37F00579223 /* Cell */ = {
			isa = PBXGroup;
			children = (
				FE21830F25B3C51500579223 /* MediaItemCell.swift */,
			);
			path = Cell;
			sourceTree = "<group>";
		};
		FEA7227E25B63C960063A706 /* MovieApp_Tests */ = {
			isa = PBXGroup;
			children = (
				FEBCF75925B71EF000BFE2E4 /* Splash */,
				FEBCF74F25B6670F00BFE2E4 /* MovieFeed */,
				FEA7228125B63C960063A706 /* Info.plist */,
			);
			path = MovieApp_Tests;
			sourceTree = "<group>";
		};
		FEBCF74F25B6670F00BFE2E4 /* MovieFeed */ = {
			isa = PBXGroup;
			children = (
				FEBCF75025B6671A00BFE2E4 /* Spies */,
				FEA7227F25B63C960063A706 /* MovieFeedViewControllerTests.swift */,
			);
			path = MovieFeed;
			sourceTree = "<group>";
		};
		FEBCF75025B6671A00BFE2E4 /* Spies */ = {
			isa = PBXGroup;
			children = (
				FEBCF75125B6673000BFE2E4 /* MovieFeedPresenterProtocolSpy.swift */,
			);
			path = Spies;
			sourceTree = "<group>";
		};
		FEBCF75925B71EF000BFE2E4 /* Splash */ = {
			isa = PBXGroup;
			children = (
				FEBCF76025B71F3F00BFE2E4 /* Spies */,
				FEBCF78B25B727BE00BFE2E4 /* SplashInteractorTests.swift */,
				FEBCF77D25B7225100BFE2E4 /* SplashPresenterTests.swift */,
				FEBCF75A25B71F0B00BFE2E4 /* SplashViewControllerTests.swift */,
			);
			path = Splash;
			sourceTree = "<group>";
		};
		FEBCF76025B71F3F00BFE2E4 /* Spies */ = {
			isa = PBXGroup;
			children = (
				FEBCF78525B7231100BFE2E4 /* SplashDelegateSpy.swift */,
				FEBCF76B25B721C400BFE2E4 /* SplashInteractorOutputSpy.swift */,
				FEBCF76725B721A200BFE2E4 /* SplashInteractorProtocolSpy.swift */,
				FEBCF76125B71F6600BFE2E4 /* SplashPresenterProtocolSpy.swift */,
				FEBCF78125B722BB00BFE2E4 /* SplashViewProtocolSpy.swift */,
			);
			path = Spies;
			sourceTree = "<group>";
		};
/* End PBXGroup section */

/* Begin PBXNativeTarget section */
		FE21827025B2442C00579223 /* movieApp */ = {
			isa = PBXNativeTarget;
			buildConfigurationList = FE21828525B2442D00579223 /* Build configuration list for PBXNativeTarget "movieApp" */;
			buildPhases = (
				D43795BA171B67D37A9BC8C2 /* [CP] Check Pods Manifest.lock */,
				FE21826D25B2442C00579223 /* Sources */,
				FE21826E25B2442C00579223 /* Frameworks */,
				FE21826F25B2442C00579223 /* Resources */,
				C0BB10964BD4BF831CE5BB90 /* [CP] Embed Pods Frameworks */,
			);
			buildRules = (
			);
			dependencies = (
			);
			name = movieApp;
			productName = movieApp;
			productReference = FE21827125B2442C00579223 /* movieApp.app */;
			productType = "com.apple.product-type.application";
		};
		FEA7227C25B63C960063A706 /* MovieApp_Tests */ = {
			isa = PBXNativeTarget;
			buildConfigurationList = FEA7228425B63C960063A706 /* Build configuration list for PBXNativeTarget "MovieApp_Tests" */;
			buildPhases = (
				FEA7227925B63C960063A706 /* Sources */,
				FEA7227A25B63C960063A706 /* Frameworks */,
				FEA7227B25B63C960063A706 /* Resources */,
			);
			buildRules = (
			);
			dependencies = (
				FEA7228325B63C960063A706 /* PBXTargetDependency */,
			);
			name = MovieApp_Tests;
			productName = MovieApp_Tests;
			productReference = FEA7227D25B63C960063A706 /* MovieApp_Tests.xctest */;
			productType = "com.apple.product-type.bundle.unit-test";
		};
/* End PBXNativeTarget section */

/* Begin PBXProject section */
		FE21826925B2442C00579223 /* Project object */ = {
			isa = PBXProject;
			attributes = {
				LastSwiftUpdateCheck = 1220;
				LastUpgradeCheck = 1220;
				TargetAttributes = {
					FE21827025B2442C00579223 = {
						CreatedOnToolsVersion = 12.2;
					};
					FEA7227C25B63C960063A706 = {
						CreatedOnToolsVersion = 12.2;
						TestTargetID = FE21827025B2442C00579223;
					};
				};
			};
			buildConfigurationList = FE21826C25B2442C00579223 /* Build configuration list for PBXProject "movieApp" */;
			compatibilityVersion = "Xcode 9.3";
			developmentRegion = en;
			hasScannedForEncodings = 0;
			knownRegions = (
				en,
				Base,
			);
			mainGroup = FE21826825B2442C00579223;
			productRefGroup = FE21827225B2442C00579223 /* Products */;
			projectDirPath = "";
			projectRoot = "";
			targets = (
				FE21827025B2442C00579223 /* movieApp */,
				FEA7227C25B63C960063A706 /* MovieApp_Tests */,
			);
		};
/* End PBXProject section */

/* Begin PBXResourcesBuildPhase section */
		FE21826F25B2442C00579223 /* Resources */ = {
			isa = PBXResourcesBuildPhase;
			buildActionMask = 2147483647;
			files = (
				FE01DB3D25B4DBCD0015BA46 /* MovieDetail.storyboard in Resources */,
				FE2182BD25B268B300579223 /* MovieFeed.storyboard in Resources */,
				FE21828125B2442D00579223 /* LaunchScreen.storyboard in Resources */,
				FE21827E25B2442D00579223 /* Assets.xcassets in Resources */,
				FE21829E25B2483400579223 /* Splash.storyboard in Resources */,
			);
			runOnlyForDeploymentPostprocessing = 0;
		};
		FEA7227B25B63C960063A706 /* Resources */ = {
			isa = PBXResourcesBuildPhase;
			buildActionMask = 2147483647;
			files = (
			);
			runOnlyForDeploymentPostprocessing = 0;
		};
/* End PBXResourcesBuildPhase section */

/* Begin PBXShellScriptBuildPhase section */
		C0BB10964BD4BF831CE5BB90 /* [CP] Embed Pods Frameworks */ = {
			isa = PBXShellScriptBuildPhase;
			buildActionMask = 2147483647;
			files = (
			);
			inputFileListPaths = (
				"${PODS_ROOT}/Target Support Files/Pods-movieApp/Pods-movieApp-frameworks-${CONFIGURATION}-input-files.xcfilelist",
			);
			name = "[CP] Embed Pods Frameworks";
			outputFileListPaths = (
				"${PODS_ROOT}/Target Support Files/Pods-movieApp/Pods-movieApp-frameworks-${CONFIGURATION}-output-files.xcfilelist",
			);
			runOnlyForDeploymentPostprocessing = 0;
			shellPath = /bin/sh;
			shellScript = "\"${PODS_ROOT}/Target Support Files/Pods-movieApp/Pods-movieApp-frameworks.sh\"\n";
			showEnvVarsInLog = 0;
		};
		D43795BA171B67D37A9BC8C2 /* [CP] Check Pods Manifest.lock */ = {
			isa = PBXShellScriptBuildPhase;
			buildActionMask = 2147483647;
			files = (
			);
			inputFileListPaths = (
			);
			inputPaths = (
				"${PODS_PODFILE_DIR_PATH}/Podfile.lock",
				"${PODS_ROOT}/Manifest.lock",
			);
			name = "[CP] Check Pods Manifest.lock";
			outputFileListPaths = (
			);
			outputPaths = (
				"$(DERIVED_FILE_DIR)/Pods-movieApp-checkManifestLockResult.txt",
			);
			runOnlyForDeploymentPostprocessing = 0;
			shellPath = /bin/sh;
			shellScript = "diff \"${PODS_PODFILE_DIR_PATH}/Podfile.lock\" \"${PODS_ROOT}/Manifest.lock\" > /dev/null\nif [ $? != 0 ] ; then\n    # print error to STDERR\n    echo \"error: The sandbox is not in sync with the Podfile.lock. Run 'pod install' or update your CocoaPods installation.\" >&2\n    exit 1\nfi\n# This output is used by Xcode 'outputs' to avoid re-running this script phase.\necho \"SUCCESS\" > \"${SCRIPT_OUTPUT_FILE_0}\"\n";
			showEnvVarsInLog = 0;
		};
/* End PBXShellScriptBuildPhase section */

/* Begin PBXSourcesBuildPhase section */
		FE21826D25B2442C00579223 /* Sources */ = {
			isa = PBXSourcesBuildPhase;
			buildActionMask = 2147483647;
			files = (
				FE2182A125B2483400579223 /* SplashProtocols.swift in Sources */,
				FE2182BE25B268B300579223 /* MovieFeedPresenter.swift in Sources */,
				FE2182D125B33D7300579223 /* APIEnvironment.swift in Sources */,
				FE2182CB25B2693400579223 /* AppRouter.swift in Sources */,
				FE01DB4025B4DBCD0015BA46 /* MovieDetailProtocols.swift in Sources */,
				FE2182A225B2483400579223 /* SplashInteractor.swift in Sources */,
				FE01DB2A25B497E90015BA46 /* CGFloat+Constans.swift in Sources */,
				FE21831025B3C51500579223 /* MediaItemCell.swift in Sources */,
				FE2182C125B268B300579223 /* MovieFeedInteractor.swift in Sources */,
				FE2182AB25B248BE00579223 /* Coordinator.swift in Sources */,
				FE01DB3E25B4DBCD0015BA46 /* MovieDetailPresenter.swift in Sources */,
				FE2182DE25B3467D00579223 /* HomeCoordinator.swift in Sources */,
				FE2182A725B2487E00579223 /* UIViewController+Storyboardable.swift in Sources */,
				FE2182D725B3435200579223 /* TypeAliases.swift in Sources */,
				FE21831325B3C5EC00579223 /* UICollectionViewCell+ReuseIdentifier.swift in Sources */,
				FE2182B125B2651000579223 /* ViewLifecycable.swift in Sources */,
				FE2182CE25B33CB200579223 /* Parameterizable.swift in Sources */,
				FE01DB3F25B4DBCD0015BA46 /* MovieDetailViewController.swift in Sources */,
				FE21829625B247FF00579223 /* AppCoordinator.swift in Sources */,
				FE01DB2D25B498560015BA46 /* UIView+IBInspectableProperties.swift in Sources */,
				FE01DB3425B4DB400015BA46 /* BaseModuleDelegate.swift in Sources */,
				FE2182EC25B3788C00579223 /* MediaRemoteManager.swift in Sources */,
				FE2182E325B354B100579223 /* BaseViewController.swift in Sources */,
				FE21827525B2442C00579223 /* AppDelegate.swift in Sources */,
				FE2182C025B268B300579223 /* MovieFeedProtocols.swift in Sources */,
				FE2182C225B268B300579223 /* MovieFeedWireframe.swift in Sources */,
				FE2182BF25B268B300579223 /* MovieFeedViewController.swift in Sources */,
				FE2182B425B265C100579223 /* LightContentNavigationController.swift in Sources */,
				FE2182A325B2483400579223 /* SplashWireframe.swift in Sources */,
				FE21829F25B2483400579223 /* SplashPresenter.swift in Sources */,
				FE2182C725B2691900579223 /* API.swift in Sources */,
				FE01DB4125B4DBCD0015BA46 /* MovieDetailInteractor.swift in Sources */,
				FE2182D425B342F600579223 /* String+Constants.swift in Sources */,
				FE21830D25B3C3CD00579223 /* DataSourceable.swift in Sources */,
				FEA7227725B610E60063A706 /* Extensions.swift in Sources */,
				FE01DB4225B4DBCD0015BA46 /* MovieDetailWireframe.swift in Sources */,
				FE01DB3025B4987E0015BA46 /* UIColor+Colors.swift in Sources */,
				FE2182A025B2483400579223 /* SplashViewController.swift in Sources */,
				FE2182DB25B345CB00579223 /* NavigationBarVisibilityTogglable.swift in Sources */,
			);
			runOnlyForDeploymentPostprocessing = 0;
		};
		FEA7227925B63C960063A706 /* Sources */ = {
			isa = PBXSourcesBuildPhase;
			buildActionMask = 2147483647;
			files = (
				FEBCF76825B721A200BFE2E4 /* SplashInteractorProtocolSpy.swift in Sources */,
				FEBCF76225B71F6600BFE2E4 /* SplashPresenterProtocolSpy.swift in Sources */,
				FEBCF78225B722BB00BFE2E4 /* SplashViewProtocolSpy.swift in Sources */,
				FEBCF75225B6673000BFE2E4 /* MovieFeedPresenterProtocolSpy.swift in Sources */,
				FEBCF78625B7231100BFE2E4 /* SplashDelegateSpy.swift in Sources */,
				FEBCF77E25B7225100BFE2E4 /* SplashPresenterTests.swift in Sources */,
				FEBCF76C25B721C400BFE2E4 /* SplashInteractorOutputSpy.swift in Sources */,
				FEBCF75B25B71F0B00BFE2E4 /* SplashViewControllerTests.swift in Sources */,
				FEA7228025B63C960063A706 /* MovieFeedViewControllerTests.swift in Sources */,
				FEBCF78C25B727BE00BFE2E4 /* SplashInteractorTests.swift in Sources */,
			);
			runOnlyForDeploymentPostprocessing = 0;
		};
/* End PBXSourcesBuildPhase section */

/* Begin PBXTargetDependency section */
		FEA7228325B63C960063A706 /* PBXTargetDependency */ = {
			isa = PBXTargetDependency;
			target = FE21827025B2442C00579223 /* movieApp */;
			targetProxy = FEA7228225B63C960063A706 /* PBXContainerItemProxy */;
		};
/* End PBXTargetDependency section */

/* Begin PBXVariantGroup section */
		FE21827F25B2442D00579223 /* LaunchScreen.storyboard */ = {
			isa = PBXVariantGroup;
			children = (
				FE21828025B2442D00579223 /* Base */,
			);
			name = LaunchScreen.storyboard;
			sourceTree = "<group>";
		};
/* End PBXVariantGroup section */

/* Begin XCBuildConfiguration section */
		FE21828325B2442D00579223 /* Debug */ = {
			isa = XCBuildConfiguration;
			buildSettings = {
				ALWAYS_SEARCH_USER_PATHS = NO;
				CLANG_ANALYZER_NONNULL = YES;
				CLANG_ANALYZER_NUMBER_OBJECT_CONVERSION = YES_AGGRESSIVE;
				CLANG_CXX_LANGUAGE_STANDARD = "gnu++14";
				CLANG_CXX_LIBRARY = "libc++";
				CLANG_ENABLE_MODULES = YES;
				CLANG_ENABLE_OBJC_ARC = YES;
				CLANG_ENABLE_OBJC_WEAK = YES;
				CLANG_WARN_BLOCK_CAPTURE_AUTORELEASING = YES;
				CLANG_WARN_BOOL_CONVERSION = YES;
				CLANG_WARN_COMMA = YES;
				CLANG_WARN_CONSTANT_CONVERSION = YES;
				CLANG_WARN_DEPRECATED_OBJC_IMPLEMENTATIONS = YES;
				CLANG_WARN_DIRECT_OBJC_ISA_USAGE = YES_ERROR;
				CLANG_WARN_DOCUMENTATION_COMMENTS = YES;
				CLANG_WARN_EMPTY_BODY = YES;
				CLANG_WARN_ENUM_CONVERSION = YES;
				CLANG_WARN_INFINITE_RECURSION = YES;
				CLANG_WARN_INT_CONVERSION = YES;
				CLANG_WARN_NON_LITERAL_NULL_CONVERSION = YES;
				CLANG_WARN_OBJC_IMPLICIT_RETAIN_SELF = YES;
				CLANG_WARN_OBJC_LITERAL_CONVERSION = YES;
				CLANG_WARN_OBJC_ROOT_CLASS = YES_ERROR;
				CLANG_WARN_QUOTED_INCLUDE_IN_FRAMEWORK_HEADER = YES;
				CLANG_WARN_RANGE_LOOP_ANALYSIS = YES;
				CLANG_WARN_STRICT_PROTOTYPES = YES;
				CLANG_WARN_SUSPICIOUS_MOVE = YES;
				CLANG_WARN_UNGUARDED_AVAILABILITY = YES_AGGRESSIVE;
				CLANG_WARN_UNREACHABLE_CODE = YES;
				CLANG_WARN__DUPLICATE_METHOD_MATCH = YES;
				COPY_PHASE_STRIP = NO;
				DEBUG_INFORMATION_FORMAT = dwarf;
				ENABLE_STRICT_OBJC_MSGSEND = YES;
				ENABLE_TESTABILITY = YES;
				GCC_C_LANGUAGE_STANDARD = gnu11;
				GCC_DYNAMIC_NO_PIC = NO;
				GCC_NO_COMMON_BLOCKS = YES;
				GCC_OPTIMIZATION_LEVEL = 0;
				GCC_PREPROCESSOR_DEFINITIONS = (
					"DEBUG=1",
					"$(inherited)",
				);
				GCC_WARN_64_TO_32_BIT_CONVERSION = YES;
				GCC_WARN_ABOUT_RETURN_TYPE = YES_ERROR;
				GCC_WARN_UNDECLARED_SELECTOR = YES;
				GCC_WARN_UNINITIALIZED_AUTOS = YES_AGGRESSIVE;
				GCC_WARN_UNUSED_FUNCTION = YES;
				GCC_WARN_UNUSED_VARIABLE = YES;
				IPHONEOS_DEPLOYMENT_TARGET = 11.0;
				MTL_ENABLE_DEBUG_INFO = INCLUDE_SOURCE;
				MTL_FAST_MATH = YES;
				ONLY_ACTIVE_ARCH = YES;
				SDKROOT = iphoneos;
				SWIFT_ACTIVE_COMPILATION_CONDITIONS = DEBUG;
				SWIFT_OPTIMIZATION_LEVEL = "-Onone";
			};
			name = Debug;
		};
		FE21828425B2442D00579223 /* Release */ = {
			isa = XCBuildConfiguration;
			buildSettings = {
				ALWAYS_SEARCH_USER_PATHS = NO;
				CLANG_ANALYZER_NONNULL = YES;
				CLANG_ANALYZER_NUMBER_OBJECT_CONVERSION = YES_AGGRESSIVE;
				CLANG_CXX_LANGUAGE_STANDARD = "gnu++14";
				CLANG_CXX_LIBRARY = "libc++";
				CLANG_ENABLE_MODULES = YES;
				CLANG_ENABLE_OBJC_ARC = YES;
				CLANG_ENABLE_OBJC_WEAK = YES;
				CLANG_WARN_BLOCK_CAPTURE_AUTORELEASING = YES;
				CLANG_WARN_BOOL_CONVERSION = YES;
				CLANG_WARN_COMMA = YES;
				CLANG_WARN_CONSTANT_CONVERSION = YES;
				CLANG_WARN_DEPRECATED_OBJC_IMPLEMENTATIONS = YES;
				CLANG_WARN_DIRECT_OBJC_ISA_USAGE = YES_ERROR;
				CLANG_WARN_DOCUMENTATION_COMMENTS = YES;
				CLANG_WARN_EMPTY_BODY = YES;
				CLANG_WARN_ENUM_CONVERSION = YES;
				CLANG_WARN_INFINITE_RECURSION = YES;
				CLANG_WARN_INT_CONVERSION = YES;
				CLANG_WARN_NON_LITERAL_NULL_CONVERSION = YES;
				CLANG_WARN_OBJC_IMPLICIT_RETAIN_SELF = YES;
				CLANG_WARN_OBJC_LITERAL_CONVERSION = YES;
				CLANG_WARN_OBJC_ROOT_CLASS = YES_ERROR;
				CLANG_WARN_QUOTED_INCLUDE_IN_FRAMEWORK_HEADER = YES;
				CLANG_WARN_RANGE_LOOP_ANALYSIS = YES;
				CLANG_WARN_STRICT_PROTOTYPES = YES;
				CLANG_WARN_SUSPICIOUS_MOVE = YES;
				CLANG_WARN_UNGUARDED_AVAILABILITY = YES_AGGRESSIVE;
				CLANG_WARN_UNREACHABLE_CODE = YES;
				CLANG_WARN__DUPLICATE_METHOD_MATCH = YES;
				COPY_PHASE_STRIP = NO;
				DEBUG_INFORMATION_FORMAT = "dwarf-with-dsym";
				ENABLE_NS_ASSERTIONS = NO;
				ENABLE_STRICT_OBJC_MSGSEND = YES;
				GCC_C_LANGUAGE_STANDARD = gnu11;
				GCC_NO_COMMON_BLOCKS = YES;
				GCC_WARN_64_TO_32_BIT_CONVERSION = YES;
				GCC_WARN_ABOUT_RETURN_TYPE = YES_ERROR;
				GCC_WARN_UNDECLARED_SELECTOR = YES;
				GCC_WARN_UNINITIALIZED_AUTOS = YES_AGGRESSIVE;
				GCC_WARN_UNUSED_FUNCTION = YES;
				GCC_WARN_UNUSED_VARIABLE = YES;
				IPHONEOS_DEPLOYMENT_TARGET = 11.0;
				MTL_ENABLE_DEBUG_INFO = NO;
				MTL_FAST_MATH = YES;
				SDKROOT = iphoneos;
				SWIFT_COMPILATION_MODE = wholemodule;
				SWIFT_OPTIMIZATION_LEVEL = "-O";
				VALIDATE_PRODUCT = YES;
			};
			name = Release;
		};
		FE21828625B2442D00579223 /* Debug */ = {
			isa = XCBuildConfiguration;
			baseConfigurationReference = 2E27C5663C8F082B37959A1C /* Pods-movieApp.debug.xcconfig */;
			buildSettings = {
				ASSETCATALOG_COMPILER_APPICON_NAME = AppIcon;
				ASSETCATALOG_COMPILER_GLOBAL_ACCENT_COLOR_NAME = AccentColor;
				CODE_SIGN_STYLE = Automatic;
				INFOPLIST_FILE = movieApp/Info.plist;
				LD_RUNPATH_SEARCH_PATHS = (
					"$(inherited)",
					"@executable_path/Frameworks",
				);
				PRODUCT_BUNDLE_IDENTIFIER = com.movieApp;
				PRODUCT_NAME = "$(TARGET_NAME)";
				SWIFT_VERSION = 5.0;
				TARGETED_DEVICE_FAMILY = 1;
			};
			name = Debug;
		};
		FE21828725B2442D00579223 /* Release */ = {
			isa = XCBuildConfiguration;
			baseConfigurationReference = AD014724981F722EB278D5FF /* Pods-movieApp.release.xcconfig */;
			buildSettings = {
				ASSETCATALOG_COMPILER_APPICON_NAME = AppIcon;
				ASSETCATALOG_COMPILER_GLOBAL_ACCENT_COLOR_NAME = AccentColor;
				CODE_SIGN_STYLE = Automatic;
				INFOPLIST_FILE = movieApp/Info.plist;
				LD_RUNPATH_SEARCH_PATHS = (
					"$(inherited)",
					"@executable_path/Frameworks",
				);
				PRODUCT_BUNDLE_IDENTIFIER = com.movieApp;
				PRODUCT_NAME = "$(TARGET_NAME)";
				SWIFT_VERSION = 5.0;
				TARGETED_DEVICE_FAMILY = 1;
			};
			name = Release;
		};
		FEA7228525B63C960063A706 /* Debug */ = {
			isa = XCBuildConfiguration;
			buildSettings = {
				BUNDLE_LOADER = "$(TEST_HOST)";
				CODE_SIGN_STYLE = Automatic;
				INFOPLIST_FILE = MovieApp_Tests/Info.plist;
				IPHONEOS_DEPLOYMENT_TARGET = 14.2;
				LD_RUNPATH_SEARCH_PATHS = (
					"$(inherited)",
					"@executable_path/Frameworks",
					"@loader_path/Frameworks",
				);
				PRODUCT_BUNDLE_IDENTIFIER = "com.MovieApp-Tests";
				PRODUCT_NAME = "$(TARGET_NAME)";
				SWIFT_VERSION = 5.0;
				TARGETED_DEVICE_FAMILY = "1,2";
				TEST_HOST = "$(BUILT_PRODUCTS_DIR)/movieApp.app/movieApp";
			};
			name = Debug;
		};
		FEA7228625B63C960063A706 /* Release */ = {
			isa = XCBuildConfiguration;
			buildSettings = {
				BUNDLE_LOADER = "$(TEST_HOST)";
				CODE_SIGN_STYLE = Automatic;
				INFOPLIST_FILE = MovieApp_Tests/Info.plist;
				IPHONEOS_DEPLOYMENT_TARGET = 14.2;
				LD_RUNPATH_SEARCH_PATHS = (
					"$(inherited)",
					"@executable_path/Frameworks",
					"@loader_path/Frameworks",
				);
				PRODUCT_BUNDLE_IDENTIFIER = "com.MovieApp-Tests";
				PRODUCT_NAME = "$(TARGET_NAME)";
				SWIFT_VERSION = 5.0;
				TARGETED_DEVICE_FAMILY = "1,2";
				TEST_HOST = "$(BUILT_PRODUCTS_DIR)/movieApp.app/movieApp";
			};
			name = Release;
		};
/* End XCBuildConfiguration section */

/* Begin XCConfigurationList section */
		FE21826C25B2442C00579223 /* Build configuration list for PBXProject "movieApp" */ = {
			isa = XCConfigurationList;
			buildConfigurations = (
				FE21828325B2442D00579223 /* Debug */,
				FE21828425B2442D00579223 /* Release */,
			);
			defaultConfigurationIsVisible = 0;
			defaultConfigurationName = Release;
		};
		FE21828525B2442D00579223 /* Build configuration list for PBXNativeTarget "movieApp" */ = {
			isa = XCConfigurationList;
			buildConfigurations = (
				FE21828625B2442D00579223 /* Debug */,
				FE21828725B2442D00579223 /* Release */,
			);
			defaultConfigurationIsVisible = 0;
			defaultConfigurationName = Release;
		};
		FEA7228425B63C960063A706 /* Build configuration list for PBXNativeTarget "MovieApp_Tests" */ = {
			isa = XCConfigurationList;
			buildConfigurations = (
				FEA7228525B63C960063A706 /* Debug */,
				FEA7228625B63C960063A706 /* Release */,
			);
			defaultConfigurationIsVisible = 0;
			defaultConfigurationName = Release;
		};
/* End XCConfigurationList section */
	};
	rootObject = FE21826925B2442C00579223 /* Project object */;
}
